// !$*UTF8*$!
{
	archiveVersion = 1;
	classes = {
	};
	objectVersion = 46;
	objects = {

/* Begin PBXBuildFile section */
		11CD85EA1EB3146E00EAE66C /* AppDelegate.swift in Sources */ = {isa = PBXBuildFile; fileRef = 11CD85E91EB3146E00EAE66C /* AppDelegate.swift */; };
		11CD85EC1EB3146E00EAE66C /* ViewController.swift in Sources */ = {isa = PBXBuildFile; fileRef = 11CD85EB1EB3146E00EAE66C /* ViewController.swift */; };
		11CD85EF1EB3146E00EAE66C /* Main.storyboard in Resources */ = {isa = PBXBuildFile; fileRef = 11CD85ED1EB3146E00EAE66C /* Main.storyboard */; };
		11CD85F11EB3146E00EAE66C /* Assets.xcassets in Resources */ = {isa = PBXBuildFile; fileRef = 11CD85F01EB3146E00EAE66C /* Assets.xcassets */; };
		11CD85F41EB3146E00EAE66C /* LaunchScreen.storyboard in Resources */ = {isa = PBXBuildFile; fileRef = 11CD85F21EB3146E00EAE66C /* LaunchScreen.storyboard */; };
/* End PBXBuildFile section */

/* Begin PBXFileReference section */
		11CD85E61EB3146E00EAE66C /* currencyConverterApp.app */ = {isa = PBXFileReference; explicitFileType = wrapper.application; includeInIndex = 0; path = currencyConverterApp.app; sourceTree = BUILT_PRODUCTS_DIR; };
		11CD85E91EB3146E00EAE66C /* AppDelegate.swift */ = {isa = PBXFileReference; lastKnownFileType = sourcecode.swift; path = AppDelegate.swift; sourceTree = "<group>"; };
		11CD85EB1EB3146E00EAE66C /* ViewController.swift */ = {isa = PBXFileReference; lastKnownFileType = sourcecode.swift; path = ViewController.swift; sourceTree = "<group>"; };
		11CD85EE1EB3146E00EAE66C /* Base */ = {isa = PBXFileReference; lastKnownFileType = file.storyboard; name = Base; path = Base.lproj/Main.storyboard; sourceTree = "<group>"; };
		11CD85F01EB3146E00EAE66C /* Assets.xcassets */ = {isa = PBXFileReference; lastKnownFileType = folder.assetcatalog; path = Assets.xcassets; sourceTree = "<group>"; };
		11CD85F31EB3146E00EAE66C /* Base */ = {isa = PBXFileReference; lastKnownFileType = file.storyboard; name = Base; path = Base.lproj/LaunchScreen.storyboard; sourceTree = "<group>"; };
		11CD85F51EB3146E00EAE66C /* Info.plist */ = {isa = PBXFileReference; lastKnownFileType = text.plist.xml; path = Info.plist; sourceTree = "<group>"; };
/* End PBXFileReference section */

/* Begin PBXFrameworksBuildPhase section */
		11CD85E31EB3146E00EAE66C /* Frameworks */ = {
			isa = PBXFrameworksBuildPhase;
			buildActionMask = 2147483647;
			files = (
			);
			runOnlyForDeploymentPostprocessing = 0;
		};
/* End PBXFrameworksBuildPhase section */

/* Begin PBXGroup section */
		11CD85DD1EB3146E00EAE66C = {
			isa = PBXGroup;
			children = (
				11CD85E81EB3146E00EAE66C /* currencyConverterApp */,
				11CD85E71EB3146E00EAE66C /* Products */,
			);
			sourceTree = "<group>";
		};
		11CD85E71EB3146E00EAE66C /* Products */ = {
			isa = PBXGroup;
			children = (
				11CD85E61EB3146E00EAE66C /* currencyConverterApp.app */,
			);
			name = Products;
			sourceTree = "<group>";
		};
		11CD85E81EB3146E00EAE66C /* currencyConverterApp */ = {
			isa = PBXGroup;
			children = (
				11CD85E91EB3146E00EAE66C /* AppDelegate.swift */,
				11CD85EB1EB3146E00EAE66C /* ViewController.swift */,
				11CD85ED1EB3146E00EAE66C /* Main.storyboard */,
				11CD85F01EB3146E00EAE66C /* Assets.xcassets */,
				11CD85F21EB3146E00EAE66C /* LaunchScreen.storyboard */,
				11CD85F51EB3146E00EAE66C /* Info.plist */,
			);
			path = currencyConverterApp;
			sourceTree = "<group>";
		};
/* End PBXGroup section */

/* Begin PBXNativeTarget section */
		11CD85E51EB3146E00EAE66C /* currencyConverterApp */ = {
			isa = PBXNativeTarget;
			buildConfigurationList = 11CD85F81EB3146E00EAE66C /* Build configuration list for PBXNativeTarget "currencyConverterApp" */;
			buildPhases = (
				11CD85E21EB3146E00EAE66C /* Sources */,
				11CD85E31EB3146E00EAE66C /* Frameworks */,
				11CD85E41EB3146E00EAE66C /* Resources */,
			);
			buildRules = (
			);
			dependencies = (
			);
			name = currencyConverterApp;
			productName = currencyConverterApp;
			productReference = 11CD85E61EB3146E00EAE66C /* currencyConverterApp.app */;
			productType = "com.apple.product-type.application";
		};
/* End PBXNativeTarget section */

/* Begin PBXProject section */
		11CD85DE1EB3146E00EAE66C /* Project object */ = {
			isa = PBXProject;
			attributes = {
				LastSwiftUpdateCheck = 0820;
				LastUpgradeCheck = 0820;
				ORGANIZATIONNAME = mariahernandez;
				TargetAttributes = {
					11CD85E51EB3146E00EAE66C = {
						CreatedOnToolsVersion = 8.2.1;
						ProvisioningStyle = Automatic;
					};
				};
			};
			buildConfigurationList = 11CD85E11EB3146E00EAE66C /* Build configuration list for PBXProject "currencyConverterApp" */;
			compatibilityVersion = "Xcode 3.2";
			developmentRegion = English;
			hasScannedForEncodings = 0;
			knownRegions = (
				en,
				Base,
			);
			mainGroup = 11CD85DD1EB3146E00EAE66C;
			productRefGroup = 11CD85E71EB3146E00EAE66C /* Products */;
			projectDirPath = "";
			projectRoot = "";
			targets = (
				11CD85E51EB3146E00EAE66C /* currencyConverterApp */,
			);
		};
/* End PBXProject section */

/* Begin PBXResourcesBuildPhase section */
		11CD85E41EB3146E00EAE66C /* Resources */ = {
			isa = PBXResourcesBuildPhase;
			buildActionMask = 2147483647;
			files = (
				11CD85F41EB3146E00EAE66C /* LaunchScreen.storyboard in Resources */,
				11CD85F11EB3146E00EAE66C /* Assets.xcassets in Resources */,
				11CD85EF1EB3146E00EAE66C /* Main.storyboard in Resources */,
			);
			runOnlyForDeploymentPostprocessing = 0;
		};
/* End PBXResourcesBuildPhase section */

/* Begin PBXSourcesBuildPhase section */
		11CD85E21EB3146E00EAE66C /* Sources */ = {
			isa = PBXSourcesBuildPhase;
			buildActionMask = 2147483647;
			files = (
				11CD85EC1EB3146E00EAE66C /* ViewController.swift in Sources */,
				11CD85EA1EB3146E00EAE66C /* AppDelegate.swift in Sources */,
			);
			runOnlyForDeploymentPostprocessing = 0;
		};
/* End PBXSourcesBuildPhase section */

/* Begin PBXVariantGroup section */
		11CD85ED1EB3146E00EAE66C /* Main.storyboard */ = {
			isa = PBXVariantGroup;
			children = (
				11CD85EE1EB3146E00EAE66C /* Base */,
			);
			name = Main.storyboard;
			sourceTree = "<group>";
		};
		11CD85F21EB3146E00EAE66C /* LaunchScreen.storyboard */ = {
			isa = PBXVariantGroup;
			children = (
				11CD85F31EB3146E00EAE66C /* Base */,
			);
			name = LaunchScreen.storyboard;
			sourceTree = "<group>";
		};
/* End PBXVariantGroup section */

/* Begin XCBuildConfiguration section */
		11CD85F61EB3146E00EAE66C /* Debug */ = {
			isa = XCBuildConfiguration;
			buildSettings = {
				ALWAYS_SEARCH_USER_PATHS = NO;
				CLANG_ANALYZER_NONNULL = YES;
				CLANG_CXX_LANGUAGE_STANDARD = "gnu++0x";
				CLANG_CXX_LIBRARY = "libc++";
				CLANG_ENABLE_MODULES = YES;
				CLANG_ENABLE_OBJC_ARC = YES;
				CLANG_WARN_BOOL_CONVERSION = YES;
				CLANG_WARN_CONSTANT_CONVERSION = YES;
				CLANG_WARN_DIRECT_OBJC_ISA_USAGE = YES_ERROR;
				CLANG_WARN_DOCUMENTATION_COMMENTS = YES;
				CLANG_WARN_EMPTY_BODY = YES;
				CLANG_WARN_ENUM_CONVERSION = YES;
				CLANG_WARN_INFINITE_RECURSION = YES;
				CLANG_WARN_INT_CONVERSION = YES;
				CLANG_WARN_OBJC_ROOT_CLASS = YES_ERROR;
				CLANG_WARN_SUSPICIOUS_MOVE = YES;
				CLANG_WARN_UNREACHABLE_CODE = YES;
				CLANG_WARN__DUPLICATE_METHOD_MATCH = YES;
				"CODE_SIGN_IDENTITY[sdk=iphoneos*]" = "iPhone Developer";
				COPY_PHASE_STRIP = NO;
				DEBUG_INFORMATION_FORMAT = dwarf;
				ENABLE_STRICT_OBJC_MSGSEND = YES;
				ENABLE_TESTABILITY = YES;
				GCC_C_LANGUAGE_STANDARD = gnu99;
				GCC_DYNAMIC_NO_PIC = NO;
				GCC_NO_COMMON_BLOCKS = YES;
				GCC_OPTIMIZATION_LEVEL = 0;
				GCC_PREPROCESSOR_DEFINITIONS = (
					"DEBUG=1",
					"$(inherited)",
				);
				GCC_WARN_64_TO_32_BIT_CONVERSION = YES;
				GCC_WARN_ABOUT_RETURN_TYPE = YES_ERROR;
				GCC_WARN_UNDECLARED_SELECTOR = YES;
				GCC_WARN_UNINITIALIZED_AUTOS = YES_AGGRESSIVE;
				GCC_WARN_UNUSED_FUNCTION = YES;
				GCC_WARN_UNUSED_VARIABLE = YES;
				IPHONEOS_DEPLOYMENT_TARGET = 10.2;
				MTL_ENABLE_DEBUG_INFO = YES;
				ONLY_ACTIVE_ARCH = YES;
				SDKROOT = iphoneos;
				SWIFT_ACTIVE_COMPILATION_CONDITIONS = DEBUG;
				SWIFT_OPTIMIZATION_LEVEL = "-Onone";
				TARGETED_DEVICE_FAMILY = "1,2";
			};
			name = Debug;
		};
		11CD85F71EB3146E00EAE66C /* Release */ = {
			isa = XCBuildConfiguration;
			buildSettings = {
				ALWAYS_SEARCH_USER_PATHS = NO;
				CLANG_ANALYZER_NONNULL = YES;
				CLANG_CXX_LANGUAGE_STANDARD = "gnu++0x";
				CLANG_CXX_LIBRARY = "libc++";
				CLANG_ENABLE_MODULES = YES;
				CLANG_ENABLE_OBJC_ARC = YES;
				CLANG_WARN_BOOL_CONVERSION = YES;
				CLANG_WARN_CONSTANT_CONVERSION = YES;
				CLANG_WARN_DIRECT_OBJC_ISA_USAGE = YES_ERROR;
				CLANG_WARN_DOCUMENTATION_COMMENTS = YES;
				CLANG_WARN_EMPTY_BODY = YES;
				CLANG_WARN_ENUM_CONVERSION = YES;
				CLANG_WARN_INFINITE_RECURSION = YES;
				CLANG_WARN_INT_CONVERSION = YES;
				CLANG_WARN_OBJC_ROOT_CLASS = YES_ERROR;
				CLANG_WARN_SUSPICIOUS_MOVE = YES;
				CLANG_WARN_UNREACHABLE_CODE = YES;
				CLANG_WARN__DUPLICATE_METHOD_MATCH = YES;
				"CODE_SIGN_IDENTITY[sdk=iphoneos*]" = "iPhone Developer";
				COPY_PHASE_STRIP = NO;
				DEBUG_INFORMATION_FORMAT = "dwarf-with-dsym";
				ENABLE_NS_ASSERTIONS = NO;
				ENABLE_STRICT_OBJC_MSGSEND = YES;
				GCC_C_LANGUAGE_STANDARD = gnu99;
				GCC_NO_COMMON_BLOCKS = YES;
				GCC_WARN_64_TO_32_BIT_CONVERSION = YES;
				GCC_WARN_ABOUT_RETURN_TYPE = YES_ERROR;
				GCC_WARN_UNDECLARED_SELECTOR = YES;
				GCC_WARN_UNINITIALIZED_AUTOS = YES_AGGRESSIVE;
				GCC_WARN_UNUSED_FUNCTION = YES;
				GCC_WARN_UNUSED_VARIABLE = YES;
				IPHONEOS_DEPLOYMENT_TARGET = 10.2;
				MTL_ENABLE_DEBUG_INFO = NO;
				SDKROOT = iphoneos;
				SWIFT_OPTIMIZATION_LEVEL = "-Owholemodule";
				TARGETED_DEVICE_FAMILY = "1,2";
				VALIDATE_PRODUCT = YES;
			};
			name = Release;
		};
		11CD85F91EB3146E00EAE66C /* Debug */ = {
			isa = XCBuildConfiguration;
			buildSettings = {
				ASSETCATALOG_COMPILER_APPICON_NAME = AppIcon;
				INFOPLIST_FILE = currencyConverterApp/Info.plist;
				LD_RUNPATH_SEARCH_PATHS = "$(inherited) @executable_path/Frameworks";
				PRODUCT_BUNDLE_IDENTIFIER = mh.currencyConverterApp;
				PRODUCT_NAME = "$(TARGET_NAME)";
				SWIFT_VERSION = 3.0;
			};
			name = Debug;
		};
		11CD85FA1EB3146E00EAE66C /* Release */ = {
			isa = XCBuildConfiguration;
			buildSettings = {
				ASSETCATALOG_COMPILER_APPICON_NAME = AppIcon;
				INFOPLIST_FILE = currencyConverterApp/Info.plist;
				LD_RUNPATH_SEARCH_PATHS = "$(inherited) @executable_path/Frameworks";
				PRODUCT_BUNDLE_IDENTIFIER = mh.currencyConverterApp;
				PRODUCT_NAME = "$(TARGET_NAME)";
				SWIFT_VERSION = 3.0;
			};
			name = Release;
		};
/* End XCBuildConfiguration section */

/* Begin XCConfigurationList section */
		11CD85E11EB3146E00EAE66C /* Build configuration list for PBXProject "currencyConverterApp" */ = {
			isa = XCConfigurationList;
			buildConfigurations = (
				11CD85F61EB3146E00EAE66C /* Debug */,
				11CD85F71EB3146E00EAE66C /* Release */,
			);
			defaultConfigurationIsVisible = 0;
			defaultConfigurationName = Release;
		};
		11CD85F81EB3146E00EAE66C /* Build configuration list for PBXNativeTarget "currencyConverterApp" */ = {
			isa = XCConfigurationList;
			buildConfigurations = (
				11CD85F91EB3146E00EAE66C /* Debug */,
				11CD85FA1EB3146E00EAE66C /* Release */,
			);
			defaultConfigurationIsVisible = 0;
		};
/* End XCConfigurationList section */
	};
	rootObject = 11CD85DE1EB3146E00EAE66C /* Project object */;
}
